# This file is autogenerated, do not edit; changes may be undone by the next 'dep ensure'.


[[projects]]
  name = "github.com/joho/godotenv"
  packages = ["."]
  revision = "726cc8b906e3d31c70a9671c90a13716a8d3f50d"
  version = "v1.1"

[[projects]]
  branch = "master"
  name = "github.com/juliardi/PrayTimes-Golang"
  packages = ["."]
  revision = "99cd9becafc32aed615264f06a501308a7be4b34"

[solve-meta]
  analyzer-name = "dep"
  analyzer-version = 1
  inputs-digest = "d7852a1d342cac053e5961823ee2b2647b0950182bf60b7cfd3764f45a728505"
  solver-name = "gps-cdcl"
  solver-version = 1
